
Microsoft Visual Studio Solution File, Format Version 12.00
# Visual Studio Version 17
VisualStudioVersion = 17.14.36915.13 d17.14
MinimumVisualStudioVersion = 10.0.40219.1
Project("{FAE04EC0-301F-11D3-BF4B-00C04F79EFBC}") = "231044K_FreshFarmMarket", "231044K_FreshFarmMarket\231044K_FreshFarmMarket.csproj", "{1B44578C-85F8-49F3-8376-D550CB733603}"
EndProject
Global
	GlobalSection(SolutionConfigurationPlatforms) = preSolution
		Debug|Any CPU = Debug|Any CPU
		Release|Any CPU = Release|Any CPU
	EndGlobalSection
	GlobalSection(ProjectConfigurationPlatforms) = postSolution
		{1B44578C-85F8-49F3-8376-D550CB733603}.Debug|Any CPU.ActiveCfg = Debug|Any CPU
		{1B44578C-85F8-49F3-8376-D550CB733603}.Debug|Any CPU.Build.0 = Debug|Any CPU
		{1B44578C-85F8-49F3-8376-D550CB733603}.Release|Any CPU.ActiveCfg = Release|Any CPU
		{1B44578C-85F8-49F3-8376-D550CB733603}.Release|Any CPU.Build.0 = Release|Any CPU
	EndGlobalSection
	GlobalSection(SolutionProperties) = preSolution
		HideSolutionNode = FALSE
	EndGlobalSection
	GlobalSection(ExtensibilityGlobals) = postSolution
		SolutionGuid = {20F519E8-118B-41D0-ACE6-D982DCE1EF58}
	EndGlobalSection
EndGlobal
